
Microsoft Visual Studio Solution File, Format Version 12.00
# Visual Studio Version 16
VisualStudioVersion = 16.0.31702.278
MinimumVisualStudioVersion = 10.0.40219.1
Project("{FAE04EC0-301F-11D3-BF4B-00C04F79EFBC}") = "TaiwuhentaiFront", "TaiwuhentaiFront\TaiwuhentaiFront.csproj", "{205F77B7-A648-4BED-9C92-42B0B708E883}"
EndProject
Project("{2150E333-8FDC-42A3-9474-1A3956D46DE8}") = "Solution Items", "Solution Items", "{57DBCF33-BEC0-4D6C-901D-3FA6812609BE}"
	ProjectSection(SolutionItems) = preProject
		README.md = README.md
	EndProjectSection
EndProject
Project("{9A19103F-16F7-4668-BE54-9A1E7A4F7556}") = "TiwuhentaiBackend", "TiwuhentaiBackend\TiwuhentaiBackend.csproj", "{056C27EA-B53C-49E2-A16A-D0B9DB5E0831}"
EndProject
Project("{9A19103F-16F7-4668-BE54-9A1E7A4F7556}") = "TaiwuhentaiFrontBackComponent", "TaiwuhentaiFrontBackComponent\TaiwuhentaiFrontBackComponent.csproj", "{10FBF595-962B-47F8-B9E9-DE8B2B977E39}"
EndProject
Project("{9A19103F-16F7-4668-BE54-9A1E7A4F7556}") = "MirrorNet", "MirrorServer\MirrorNet.csproj", "{9E4AAF9F-8C0B-472E-A0DA-D0D1A7ABD3ED}"
EndProject
Project("{FAE04EC0-301F-11D3-BF4B-00C04F79EFBC}") = "TestApp1", "TestApp1\TestApp1.csproj", "{546F8117-2DA9-48EF-8F55-977F4AD378DF}"
EndProject
Global
	GlobalSection(SolutionConfigurationPlatforms) = preSolution
		Debug|Any CPU = Debug|Any CPU
		Release|Any CPU = Release|Any CPU
	EndGlobalSection
	GlobalSection(ProjectConfigurationPlatforms) = postSolution
		{205F77B7-A648-4BED-9C92-42B0B708E883}.Debug|Any CPU.ActiveCfg = Debug|Any CPU
		{205F77B7-A648-4BED-9C92-42B0B708E883}.Debug|Any CPU.Build.0 = Debug|Any CPU
		{205F77B7-A648-4BED-9C92-42B0B708E883}.Release|Any CPU.ActiveCfg = Release|Any CPU
		{205F77B7-A648-4BED-9C92-42B0B708E883}.Release|Any CPU.Build.0 = Release|Any CPU
		{056C27EA-B53C-49E2-A16A-D0B9DB5E0831}.Debug|Any CPU.ActiveCfg = Debug|Any CPU
		{056C27EA-B53C-49E2-A16A-D0B9DB5E0831}.Debug|Any CPU.Build.0 = Debug|Any CPU
		{056C27EA-B53C-49E2-A16A-D0B9DB5E0831}.Release|Any CPU.ActiveCfg = Release|Any CPU
		{056C27EA-B53C-49E2-A16A-D0B9DB5E0831}.Release|Any CPU.Build.0 = Release|Any CPU
		{10FBF595-962B-47F8-B9E9-DE8B2B977E39}.Debug|Any CPU.ActiveCfg = Debug|Any CPU
		{10FBF595-962B-47F8-B9E9-DE8B2B977E39}.Debug|Any CPU.Build.0 = Debug|Any CPU
		{10FBF595-962B-47F8-B9E9-DE8B2B977E39}.Release|Any CPU.ActiveCfg = Release|Any CPU
		{10FBF595-962B-47F8-B9E9-DE8B2B977E39}.Release|Any CPU.Build.0 = Release|Any CPU
		{9E4AAF9F-8C0B-472E-A0DA-D0D1A7ABD3ED}.Debug|Any CPU.ActiveCfg = Debug|Any CPU
		{9E4AAF9F-8C0B-472E-A0DA-D0D1A7ABD3ED}.Debug|Any CPU.Build.0 = Debug|Any CPU
		{9E4AAF9F-8C0B-472E-A0DA-D0D1A7ABD3ED}.Release|Any CPU.ActiveCfg = Release|Any CPU
		{9E4AAF9F-8C0B-472E-A0DA-D0D1A7ABD3ED}.Release|Any CPU.Build.0 = Release|Any CPU
		{546F8117-2DA9-48EF-8F55-977F4AD378DF}.Debug|Any CPU.ActiveCfg = Debug|Any CPU
		{546F8117-2DA9-48EF-8F55-977F4AD378DF}.Debug|Any CPU.Build.0 = Debug|Any CPU
		{546F8117-2DA9-48EF-8F55-977F4AD378DF}.Release|Any CPU.ActiveCfg = Release|Any CPU
		{546F8117-2DA9-48EF-8F55-977F4AD378DF}.Release|Any CPU.Build.0 = Release|Any CPU
	EndGlobalSection
	GlobalSection(SolutionProperties) = preSolution
		HideSolutionNode = FALSE
	EndGlobalSection
	GlobalSection(ExtensibilityGlobals) = postSolution
		SolutionGuid = {778956E9-C782-4562-95C9-BC37382C760E}
	EndGlobalSection
EndGlobal
