
Microsoft Visual Studio Solution File, Format Version 12.00
# Visual Studio Version 16
VisualStudioVersion = 16.0.31702.278
MinimumVisualStudioVersion = 10.0.40219.1
Project("{FAE04EC0-301F-11D3-BF4B-00C04F79EFBC}") = "TaiwuhentaiFront", "TaiwuhentaiFront\TaiwuhentaiFront.csproj", "{205F77B7-A648-4BED-9C92-42B0B708E883}"
EndProject
Project("{2150E333-8FDC-42A3-9474-1A3956D46DE8}") = "Solution Items", "Solution Items", "{57DBCF33-BEC0-4D6C-901D-3FA6812609BE}"
	ProjectSection(SolutionItems) = preProject
		README.md = README.md
	EndProjectSection
EndProject
Project("{9A19103F-16F7-4668-BE54-9A1E7A4F7556}") = "TiwuhentaiBackend", "TiwuhentaiBackend\TiwuhentaiBackend.csproj", "{056C27EA-B53C-49E2-A16A-D0B9DB5E0831}"
EndProject
Project("{9A19103F-16F7-4668-BE54-9A1E7A4F7556}") = "MirrorNet", "MirrorServer\MirrorNet.csproj", "{9E4AAF9F-8C0B-472E-A0DA-D0D1A7ABD3ED}"
EndProject
Project("{9A19103F-16F7-4668-BE54-9A1E7A4F7556}") = "TestApp1", "TestApp1\TestApp1.csproj", "{546F8117-2DA9-48EF-8F55-977F4AD378DF}"
EndProject
Project("{9A19103F-16F7-4668-BE54-9A1E7A4F7556}") = "MirrorNetTaiwuServer", "MirrorNetTaiwuServer\MirrorNetTaiwuServer.csproj", "{4C023FEF-B1EC-435D-84DE-169240FDE355}"
EndProject
Project("{9A19103F-16F7-4668-BE54-9A1E7A4F7556}") = "TaiwuhentaiFrontBackComponent", "TaiwuhentaiFrontBackComponent\TaiwuhentaiFrontBackComponent.csproj", "{ED9D3D0F-6725-4522-98ED-FE1DD4D3237C}"
EndProject
Project("{FAE04EC0-301F-11D3-BF4B-00C04F79EFBC}") = "MirrorNetClient", "MirrorNetClient\MirrorNetClient.csproj", "{97BCC2F1-1BB3-4B8A-B53B-A9F6A65D5FD1}"
EndProject
Project("{FAE04EC0-301F-11D3-BF4B-00C04F79EFBC}") = "TestFrameworkApp1", "TestFrameworkApp1\TestFrameworkApp1.csproj", "{DF721AA2-521A-47EB-B96E-B36F9B69CF2C}"
EndProject
Project("{8BC9CEB8-8B4A-11D0-8D11-00A0C91BC942}") = "UnlockDll", "UnlockDll\UnlockDll.vcxproj", "{F83AD1DA-0596-4F50-B9FC-3D1A6718D3A5}"
EndProject
Project("{8BC9CEB8-8B4A-11D0-8D11-00A0C91BC942}") = "ConsoleApplication1", "ConsoleApplication1\ConsoleApplication1.vcxproj", "{BBADF89D-AA93-4AD1-B55C-DED61E0026CB}"
EndProject
Project("{9A19103F-16F7-4668-BE54-9A1E7A4F7556}") = "TeamMateLess", "TeamMateLess\TeamMateLess.csproj", "{B2F6FB78-F967-4EF5-9109-C18234A0E16E}"
EndProject
Project("{FAE04EC0-301F-11D3-BF4B-00C04F79EFBC}") = "ReinforceGang", "ReinforceGang\ReinforceGang.csproj", "{B634F67D-FFBE-487E-B7DC-ED60CBE00CC0}"
EndProject
Global
	GlobalSection(SolutionConfigurationPlatforms) = preSolution
		Debug|Any CPU = Debug|Any CPU
		Debug|x64 = Debug|x64
		Debug|x86 = Debug|x86
		Release|Any CPU = Release|Any CPU
		Release|x64 = Release|x64
		Release|x86 = Release|x86
	EndGlobalSection
	GlobalSection(ProjectConfigurationPlatforms) = postSolution
		{205F77B7-A648-4BED-9C92-42B0B708E883}.Debug|Any CPU.ActiveCfg = Debug|Any CPU
		{205F77B7-A648-4BED-9C92-42B0B708E883}.Debug|Any CPU.Build.0 = Debug|Any CPU
		{205F77B7-A648-4BED-9C92-42B0B708E883}.Debug|x64.ActiveCfg = Debug|Any CPU
		{205F77B7-A648-4BED-9C92-42B0B708E883}.Debug|x64.Build.0 = Debug|Any CPU
		{205F77B7-A648-4BED-9C92-42B0B708E883}.Debug|x86.ActiveCfg = Debug|Any CPU
		{205F77B7-A648-4BED-9C92-42B0B708E883}.Debug|x86.Build.0 = Debug|Any CPU
		{205F77B7-A648-4BED-9C92-42B0B708E883}.Release|Any CPU.ActiveCfg = Release|Any CPU
		{205F77B7-A648-4BED-9C92-42B0B708E883}.Release|Any CPU.Build.0 = Release|Any CPU
		{205F77B7-A648-4BED-9C92-42B0B708E883}.Release|x64.ActiveCfg = Release|Any CPU
		{205F77B7-A648-4BED-9C92-42B0B708E883}.Release|x64.Build.0 = Release|Any CPU
		{205F77B7-A648-4BED-9C92-42B0B708E883}.Release|x86.ActiveCfg = Release|Any CPU
		{205F77B7-A648-4BED-9C92-42B0B708E883}.Release|x86.Build.0 = Release|Any CPU
		{056C27EA-B53C-49E2-A16A-D0B9DB5E0831}.Debug|Any CPU.ActiveCfg = Debug|Any CPU
		{056C27EA-B53C-49E2-A16A-D0B9DB5E0831}.Debug|Any CPU.Build.0 = Debug|Any CPU
		{056C27EA-B53C-49E2-A16A-D0B9DB5E0831}.Debug|x64.ActiveCfg = Debug|Any CPU
		{056C27EA-B53C-49E2-A16A-D0B9DB5E0831}.Debug|x64.Build.0 = Debug|Any CPU
		{056C27EA-B53C-49E2-A16A-D0B9DB5E0831}.Debug|x86.ActiveCfg = Debug|Any CPU
		{056C27EA-B53C-49E2-A16A-D0B9DB5E0831}.Debug|x86.Build.0 = Debug|Any CPU
		{056C27EA-B53C-49E2-A16A-D0B9DB5E0831}.Release|Any CPU.ActiveCfg = Release|Any CPU
		{056C27EA-B53C-49E2-A16A-D0B9DB5E0831}.Release|Any CPU.Build.0 = Release|Any CPU
		{056C27EA-B53C-49E2-A16A-D0B9DB5E0831}.Release|x64.ActiveCfg = Release|Any CPU
		{056C27EA-B53C-49E2-A16A-D0B9DB5E0831}.Release|x64.Build.0 = Release|Any CPU
		{056C27EA-B53C-49E2-A16A-D0B9DB5E0831}.Release|x86.ActiveCfg = Release|Any CPU
		{056C27EA-B53C-49E2-A16A-D0B9DB5E0831}.Release|x86.Build.0 = Release|Any CPU
		{9E4AAF9F-8C0B-472E-A0DA-D0D1A7ABD3ED}.Debug|Any CPU.ActiveCfg = Debug|Any CPU
		{9E4AAF9F-8C0B-472E-A0DA-D0D1A7ABD3ED}.Debug|Any CPU.Build.0 = Debug|Any CPU
		{9E4AAF9F-8C0B-472E-A0DA-D0D1A7ABD3ED}.Debug|x64.ActiveCfg = Debug|Any CPU
		{9E4AAF9F-8C0B-472E-A0DA-D0D1A7ABD3ED}.Debug|x64.Build.0 = Debug|Any CPU
		{9E4AAF9F-8C0B-472E-A0DA-D0D1A7ABD3ED}.Debug|x86.ActiveCfg = Debug|Any CPU
		{9E4AAF9F-8C0B-472E-A0DA-D0D1A7ABD3ED}.Debug|x86.Build.0 = Debug|Any CPU
		{9E4AAF9F-8C0B-472E-A0DA-D0D1A7ABD3ED}.Release|Any CPU.ActiveCfg = Release|Any CPU
		{9E4AAF9F-8C0B-472E-A0DA-D0D1A7ABD3ED}.Release|Any CPU.Build.0 = Release|Any CPU
		{9E4AAF9F-8C0B-472E-A0DA-D0D1A7ABD3ED}.Release|x64.ActiveCfg = Release|Any CPU
		{9E4AAF9F-8C0B-472E-A0DA-D0D1A7ABD3ED}.Release|x64.Build.0 = Release|Any CPU
		{9E4AAF9F-8C0B-472E-A0DA-D0D1A7ABD3ED}.Release|x86.ActiveCfg = Release|Any CPU
		{9E4AAF9F-8C0B-472E-A0DA-D0D1A7ABD3ED}.Release|x86.Build.0 = Release|Any CPU
		{546F8117-2DA9-48EF-8F55-977F4AD378DF}.Debug|Any CPU.ActiveCfg = Debug|Any CPU
		{546F8117-2DA9-48EF-8F55-977F4AD378DF}.Debug|Any CPU.Build.0 = Debug|Any CPU
		{546F8117-2DA9-48EF-8F55-977F4AD378DF}.Debug|x64.ActiveCfg = Debug|Any CPU
		{546F8117-2DA9-48EF-8F55-977F4AD378DF}.Debug|x64.Build.0 = Debug|Any CPU
		{546F8117-2DA9-48EF-8F55-977F4AD378DF}.Debug|x86.ActiveCfg = Debug|Any CPU
		{546F8117-2DA9-48EF-8F55-977F4AD378DF}.Debug|x86.Build.0 = Debug|Any CPU
		{546F8117-2DA9-48EF-8F55-977F4AD378DF}.Release|Any CPU.ActiveCfg = Release|Any CPU
		{546F8117-2DA9-48EF-8F55-977F4AD378DF}.Release|Any CPU.Build.0 = Release|Any CPU
		{546F8117-2DA9-48EF-8F55-977F4AD378DF}.Release|x64.ActiveCfg = Release|Any CPU
		{546F8117-2DA9-48EF-8F55-977F4AD378DF}.Release|x64.Build.0 = Release|Any CPU
		{546F8117-2DA9-48EF-8F55-977F4AD378DF}.Release|x86.ActiveCfg = Release|Any CPU
		{546F8117-2DA9-48EF-8F55-977F4AD378DF}.Release|x86.Build.0 = Release|Any CPU
		{4C023FEF-B1EC-435D-84DE-169240FDE355}.Debug|Any CPU.ActiveCfg = Debug|Any CPU
		{4C023FEF-B1EC-435D-84DE-169240FDE355}.Debug|Any CPU.Build.0 = Debug|Any CPU
		{4C023FEF-B1EC-435D-84DE-169240FDE355}.Debug|x64.ActiveCfg = Debug|Any CPU
		{4C023FEF-B1EC-435D-84DE-169240FDE355}.Debug|x64.Build.0 = Debug|Any CPU
		{4C023FEF-B1EC-435D-84DE-169240FDE355}.Debug|x86.ActiveCfg = Debug|Any CPU
		{4C023FEF-B1EC-435D-84DE-169240FDE355}.Debug|x86.Build.0 = Debug|Any CPU
		{4C023FEF-B1EC-435D-84DE-169240FDE355}.Release|Any CPU.ActiveCfg = Release|Any CPU
		{4C023FEF-B1EC-435D-84DE-169240FDE355}.Release|Any CPU.Build.0 = Release|Any CPU
		{4C023FEF-B1EC-435D-84DE-169240FDE355}.Release|x64.ActiveCfg = Release|Any CPU
		{4C023FEF-B1EC-435D-84DE-169240FDE355}.Release|x64.Build.0 = Release|Any CPU
		{4C023FEF-B1EC-435D-84DE-169240FDE355}.Release|x86.ActiveCfg = Release|Any CPU
		{4C023FEF-B1EC-435D-84DE-169240FDE355}.Release|x86.Build.0 = Release|Any CPU
		{ED9D3D0F-6725-4522-98ED-FE1DD4D3237C}.Debug|Any CPU.ActiveCfg = Debug|Any CPU
		{ED9D3D0F-6725-4522-98ED-FE1DD4D3237C}.Debug|Any CPU.Build.0 = Debug|Any CPU
		{ED9D3D0F-6725-4522-98ED-FE1DD4D3237C}.Debug|x64.ActiveCfg = Debug|Any CPU
		{ED9D3D0F-6725-4522-98ED-FE1DD4D3237C}.Debug|x64.Build.0 = Debug|Any CPU
		{ED9D3D0F-6725-4522-98ED-FE1DD4D3237C}.Debug|x86.ActiveCfg = Debug|Any CPU
		{ED9D3D0F-6725-4522-98ED-FE1DD4D3237C}.Debug|x86.Build.0 = Debug|Any CPU
		{ED9D3D0F-6725-4522-98ED-FE1DD4D3237C}.Release|Any CPU.ActiveCfg = Release|Any CPU
		{ED9D3D0F-6725-4522-98ED-FE1DD4D3237C}.Release|Any CPU.Build.0 = Release|Any CPU
		{ED9D3D0F-6725-4522-98ED-FE1DD4D3237C}.Release|x64.ActiveCfg = Release|Any CPU
		{ED9D3D0F-6725-4522-98ED-FE1DD4D3237C}.Release|x64.Build.0 = Release|Any CPU
		{ED9D3D0F-6725-4522-98ED-FE1DD4D3237C}.Release|x86.ActiveCfg = Release|Any CPU
		{ED9D3D0F-6725-4522-98ED-FE1DD4D3237C}.Release|x86.Build.0 = Release|Any CPU
		{97BCC2F1-1BB3-4B8A-B53B-A9F6A65D5FD1}.Debug|Any CPU.ActiveCfg = Debug|Any CPU
		{97BCC2F1-1BB3-4B8A-B53B-A9F6A65D5FD1}.Debug|Any CPU.Build.0 = Debug|Any CPU
		{97BCC2F1-1BB3-4B8A-B53B-A9F6A65D5FD1}.Debug|x64.ActiveCfg = Debug|Any CPU
		{97BCC2F1-1BB3-4B8A-B53B-A9F6A65D5FD1}.Debug|x64.Build.0 = Debug|Any CPU
		{97BCC2F1-1BB3-4B8A-B53B-A9F6A65D5FD1}.Debug|x86.ActiveCfg = Debug|Any CPU
		{97BCC2F1-1BB3-4B8A-B53B-A9F6A65D5FD1}.Debug|x86.Build.0 = Debug|Any CPU
		{97BCC2F1-1BB3-4B8A-B53B-A9F6A65D5FD1}.Release|Any CPU.ActiveCfg = Release|Any CPU
		{97BCC2F1-1BB3-4B8A-B53B-A9F6A65D5FD1}.Release|Any CPU.Build.0 = Release|Any CPU
		{97BCC2F1-1BB3-4B8A-B53B-A9F6A65D5FD1}.Release|x64.ActiveCfg = Release|Any CPU
		{97BCC2F1-1BB3-4B8A-B53B-A9F6A65D5FD1}.Release|x64.Build.0 = Release|Any CPU
		{97BCC2F1-1BB3-4B8A-B53B-A9F6A65D5FD1}.Release|x86.ActiveCfg = Release|Any CPU
		{97BCC2F1-1BB3-4B8A-B53B-A9F6A65D5FD1}.Release|x86.Build.0 = Release|Any CPU
		{DF721AA2-521A-47EB-B96E-B36F9B69CF2C}.Debug|Any CPU.ActiveCfg = Debug|Any CPU
		{DF721AA2-521A-47EB-B96E-B36F9B69CF2C}.Debug|Any CPU.Build.0 = Debug|Any CPU
		{DF721AA2-521A-47EB-B96E-B36F9B69CF2C}.Debug|x64.ActiveCfg = Debug|Any CPU
		{DF721AA2-521A-47EB-B96E-B36F9B69CF2C}.Debug|x64.Build.0 = Debug|Any CPU
		{DF721AA2-521A-47EB-B96E-B36F9B69CF2C}.Debug|x86.ActiveCfg = Debug|Any CPU
		{DF721AA2-521A-47EB-B96E-B36F9B69CF2C}.Debug|x86.Build.0 = Debug|Any CPU
		{DF721AA2-521A-47EB-B96E-B36F9B69CF2C}.Release|Any CPU.ActiveCfg = Release|Any CPU
		{DF721AA2-521A-47EB-B96E-B36F9B69CF2C}.Release|Any CPU.Build.0 = Release|Any CPU
		{DF721AA2-521A-47EB-B96E-B36F9B69CF2C}.Release|x64.ActiveCfg = Release|Any CPU
		{DF721AA2-521A-47EB-B96E-B36F9B69CF2C}.Release|x64.Build.0 = Release|Any CPU
		{DF721AA2-521A-47EB-B96E-B36F9B69CF2C}.Release|x86.ActiveCfg = Release|Any CPU
		{DF721AA2-521A-47EB-B96E-B36F9B69CF2C}.Release|x86.Build.0 = Release|Any CPU
		{F83AD1DA-0596-4F50-B9FC-3D1A6718D3A5}.Debug|Any CPU.ActiveCfg = Debug|Win32
		{F83AD1DA-0596-4F50-B9FC-3D1A6718D3A5}.Debug|x64.ActiveCfg = Debug|x64
		{F83AD1DA-0596-4F50-B9FC-3D1A6718D3A5}.Debug|x64.Build.0 = Debug|x64
		{F83AD1DA-0596-4F50-B9FC-3D1A6718D3A5}.Debug|x86.ActiveCfg = Debug|Win32
		{F83AD1DA-0596-4F50-B9FC-3D1A6718D3A5}.Debug|x86.Build.0 = Debug|Win32
		{F83AD1DA-0596-4F50-B9FC-3D1A6718D3A5}.Release|Any CPU.ActiveCfg = Release|Win32
		{F83AD1DA-0596-4F50-B9FC-3D1A6718D3A5}.Release|x64.ActiveCfg = Release|x64
		{F83AD1DA-0596-4F50-B9FC-3D1A6718D3A5}.Release|x64.Build.0 = Release|x64
		{F83AD1DA-0596-4F50-B9FC-3D1A6718D3A5}.Release|x86.ActiveCfg = Release|Win32
		{F83AD1DA-0596-4F50-B9FC-3D1A6718D3A5}.Release|x86.Build.0 = Release|Win32
		{BBADF89D-AA93-4AD1-B55C-DED61E0026CB}.Debug|Any CPU.ActiveCfg = Debug|Win32
		{BBADF89D-AA93-4AD1-B55C-DED61E0026CB}.Debug|Any CPU.Build.0 = Debug|Win32
		{BBADF89D-AA93-4AD1-B55C-DED61E0026CB}.Debug|x64.ActiveCfg = Debug|x64
		{BBADF89D-AA93-4AD1-B55C-DED61E0026CB}.Debug|x64.Build.0 = Debug|x64
		{BBADF89D-AA93-4AD1-B55C-DED61E0026CB}.Debug|x86.ActiveCfg = Debug|Win32
		{BBADF89D-AA93-4AD1-B55C-DED61E0026CB}.Debug|x86.Build.0 = Debug|Win32
		{BBADF89D-AA93-4AD1-B55C-DED61E0026CB}.Release|Any CPU.ActiveCfg = Release|Win32
		{BBADF89D-AA93-4AD1-B55C-DED61E0026CB}.Release|x64.ActiveCfg = Release|x64
		{BBADF89D-AA93-4AD1-B55C-DED61E0026CB}.Release|x64.Build.0 = Release|x64
		{BBADF89D-AA93-4AD1-B55C-DED61E0026CB}.Release|x86.ActiveCfg = Release|Win32
		{BBADF89D-AA93-4AD1-B55C-DED61E0026CB}.Release|x86.Build.0 = Release|Win32
		{B2F6FB78-F967-4EF5-9109-C18234A0E16E}.Debug|Any CPU.ActiveCfg = Debug|Any CPU
		{B2F6FB78-F967-4EF5-9109-C18234A0E16E}.Debug|Any CPU.Build.0 = Debug|Any CPU
		{B2F6FB78-F967-4EF5-9109-C18234A0E16E}.Debug|x64.ActiveCfg = Debug|Any CPU
		{B2F6FB78-F967-4EF5-9109-C18234A0E16E}.Debug|x64.Build.0 = Debug|Any CPU
		{B2F6FB78-F967-4EF5-9109-C18234A0E16E}.Debug|x86.ActiveCfg = Debug|Any CPU
		{B2F6FB78-F967-4EF5-9109-C18234A0E16E}.Debug|x86.Build.0 = Debug|Any CPU
		{B2F6FB78-F967-4EF5-9109-C18234A0E16E}.Release|Any CPU.ActiveCfg = Release|Any CPU
		{B2F6FB78-F967-4EF5-9109-C18234A0E16E}.Release|Any CPU.Build.0 = Release|Any CPU
		{B2F6FB78-F967-4EF5-9109-C18234A0E16E}.Release|x64.ActiveCfg = Release|Any CPU
		{B2F6FB78-F967-4EF5-9109-C18234A0E16E}.Release|x64.Build.0 = Release|Any CPU
		{B2F6FB78-F967-4EF5-9109-C18234A0E16E}.Release|x86.ActiveCfg = Release|Any CPU
		{B2F6FB78-F967-4EF5-9109-C18234A0E16E}.Release|x86.Build.0 = Release|Any CPU
		{B634F67D-FFBE-487E-B7DC-ED60CBE00CC0}.Debug|Any CPU.ActiveCfg = Debug|Any CPU
		{B634F67D-FFBE-487E-B7DC-ED60CBE00CC0}.Debug|Any CPU.Build.0 = Debug|Any CPU
		{B634F67D-FFBE-487E-B7DC-ED60CBE00CC0}.Debug|x64.ActiveCfg = Debug|Any CPU
		{B634F67D-FFBE-487E-B7DC-ED60CBE00CC0}.Debug|x64.Build.0 = Debug|Any CPU
		{B634F67D-FFBE-487E-B7DC-ED60CBE00CC0}.Debug|x86.ActiveCfg = Debug|Any CPU
		{B634F67D-FFBE-487E-B7DC-ED60CBE00CC0}.Debug|x86.Build.0 = Debug|Any CPU
		{B634F67D-FFBE-487E-B7DC-ED60CBE00CC0}.Release|Any CPU.ActiveCfg = Release|Any CPU
		{B634F67D-FFBE-487E-B7DC-ED60CBE00CC0}.Release|Any CPU.Build.0 = Release|Any CPU
		{B634F67D-FFBE-487E-B7DC-ED60CBE00CC0}.Release|x64.ActiveCfg = Release|Any CPU
		{B634F67D-FFBE-487E-B7DC-ED60CBE00CC0}.Release|x64.Build.0 = Release|Any CPU
		{B634F67D-FFBE-487E-B7DC-ED60CBE00CC0}.Release|x86.ActiveCfg = Release|Any CPU
		{B634F67D-FFBE-487E-B7DC-ED60CBE00CC0}.Release|x86.Build.0 = Release|Any CPU
	EndGlobalSection
	GlobalSection(SolutionProperties) = preSolution
		HideSolutionNode = FALSE
	EndGlobalSection
	GlobalSection(ExtensibilityGlobals) = postSolution
		SolutionGuid = {778956E9-C782-4562-95C9-BC37382C760E}
	EndGlobalSection
EndGlobal
